PODS:
  - Nimble (7.0.2)
  - Quick (1.2.0)
  - TaCoPopulator (0.1.5)

DEPENDENCIES:
  - Nimble (~> 7.0)
  - Quick (~> 1.2)
  - TaCoPopulator (from `../`)

EXTERNAL SOURCES:
  TaCoPopulator:
    :path: ../

SPEC CHECKSUMS:
  Nimble: bfe1f814edabba69ff145cb1283e04ed636a67f2
  Quick: 58d203b1c5e27fff7229c4c1ae445ad7069a7a08
  TaCoPopulator: 938fe23fb977851af5f31914a4c35185e7531511

PODFILE CHECKSUM: e8b6c32e8c5f441eeeb649c6ec2a2c141fdbffcf

COCOAPODS: 1.3.1
